
Microsoft Visual Studio Solution File, Format Version 12.00
# Visual Studio Version 17
VisualStudioVersion = 17.0.31919.166
MinimumVisualStudioVersion = 10.0.40219.1
Project("{FAE04EC0-301F-11D3-BF4B-00C04F79EFBC}") = "ControleDeArquivo", "ControleDeArquivo.csproj", "{667799C2-B821-4315-8B6F-F1FD37D3FBD9}"
EndProject
Global
	GlobalSection(SolutionConfigurationPlatforms) = preSolution
		Debug|Any CPU = Debug|Any CPU
		Release|Any CPU = Release|Any CPU
	EndGlobalSection
	GlobalSection(ProjectConfigurationPlatforms) = postSolution
		{667799C2-B821-4315-8B6F-F1FD37D3FBD9}.Debug|Any CPU.ActiveCfg = Debug|Any CPU
		{667799C2-B821-4315-8B6F-F1FD37D3FBD9}.Debug|Any CPU.Build.0 = Debug|Any CPU
		{667799C2-B821-4315-8B6F-F1FD37D3FBD9}.Release|Any CPU.ActiveCfg = Release|Any CPU
		{667799C2-B821-4315-8B6F-F1FD37D3FBD9}.Release|Any CPU.Build.0 = Release|Any CPU
	EndGlobalSection
	GlobalSection(SolutionProperties) = preSolution
		HideSolutionNode = FALSE
	EndGlobalSection
	GlobalSection(ExtensibilityGlobals) = postSolution
		SolutionGuid = {6F7CB870-3506-4C12-A373-B603BFDAFC50}
	EndGlobalSection
EndGlobal
